
Microsoft Visual Studio Solution File, Format Version 12.00
# Visual Studio 15
VisualStudioVersion = 15.0.28307.1321
MinimumVisualStudioVersion = 10.0.40219.1
Project("{8BC9CEB8-8B4A-11D0-8D11-00A0C91BC942}") = "AAMLibrary", "AAMLibrary.vcxproj", "{DCEE6E7C-5D7E-4144-9442-1A3D31871346}"
EndProject
Project("{8BC9CEB8-8B4A-11D0-8D11-00A0C91BC942}") = "aambuilding", "aambuilding.vcxproj", "{F3C059E2-2B37-49BB-B5B0-78F4EC5664B1}"
EndProject
Project("{8BC9CEB8-8B4A-11D0-8D11-00A0C91BC942}") = "aamfitting", "aamfitting.vcxproj", "{9F5D12BD-6664-4282-8BD1-0DE5CC5AC5E7}"
EndProject
Global
	GlobalSection(SolutionConfigurationPlatforms) = preSolution
		Debug|Win32 = Debug|Win32
		Debug|x64 = Debug|x64
		Release|Win32 = Release|Win32
		Release|x64 = Release|x64
	EndGlobalSection
	GlobalSection(ProjectConfigurationPlatforms) = postSolution
		{DCEE6E7C-5D7E-4144-9442-1A3D31871346}.Debug|Win32.ActiveCfg = Debug|Win32
		{DCEE6E7C-5D7E-4144-9442-1A3D31871346}.Debug|Win32.Build.0 = Debug|Win32
		{DCEE6E7C-5D7E-4144-9442-1A3D31871346}.Debug|x64.ActiveCfg = Debug|x64
		{DCEE6E7C-5D7E-4144-9442-1A3D31871346}.Debug|x64.Build.0 = Debug|x64
		{DCEE6E7C-5D7E-4144-9442-1A3D31871346}.Release|Win32.ActiveCfg = Release|Win32
		{DCEE6E7C-5D7E-4144-9442-1A3D31871346}.Release|Win32.Build.0 = Release|Win32
		{DCEE6E7C-5D7E-4144-9442-1A3D31871346}.Release|x64.ActiveCfg = Release|x64
		{DCEE6E7C-5D7E-4144-9442-1A3D31871346}.Release|x64.Build.0 = Release|x64
		{F3C059E2-2B37-49BB-B5B0-78F4EC5664B1}.Debug|Win32.ActiveCfg = Debug|Win32
		{F3C059E2-2B37-49BB-B5B0-78F4EC5664B1}.Debug|Win32.Build.0 = Debug|Win32
		{F3C059E2-2B37-49BB-B5B0-78F4EC5664B1}.Debug|x64.ActiveCfg = Debug|x64
		{F3C059E2-2B37-49BB-B5B0-78F4EC5664B1}.Debug|x64.Build.0 = Debug|x64
		{F3C059E2-2B37-49BB-B5B0-78F4EC5664B1}.Release|Win32.ActiveCfg = Release|Win32
		{F3C059E2-2B37-49BB-B5B0-78F4EC5664B1}.Release|Win32.Build.0 = Release|Win32
		{F3C059E2-2B37-49BB-B5B0-78F4EC5664B1}.Release|x64.ActiveCfg = Release|x64
		{F3C059E2-2B37-49BB-B5B0-78F4EC5664B1}.Release|x64.Build.0 = Release|x64
		{9F5D12BD-6664-4282-8BD1-0DE5CC5AC5E7}.Debug|Win32.ActiveCfg = Debug|Win32
		{9F5D12BD-6664-4282-8BD1-0DE5CC5AC5E7}.Debug|Win32.Build.0 = Debug|Win32
		{9F5D12BD-6664-4282-8BD1-0DE5CC5AC5E7}.Debug|x64.ActiveCfg = Debug|x64
		{9F5D12BD-6664-4282-8BD1-0DE5CC5AC5E7}.Debug|x64.Build.0 = Debug|x64
		{9F5D12BD-6664-4282-8BD1-0DE5CC5AC5E7}.Release|Win32.ActiveCfg = Release|Win32
		{9F5D12BD-6664-4282-8BD1-0DE5CC5AC5E7}.Release|Win32.Build.0 = Release|Win32
		{9F5D12BD-6664-4282-8BD1-0DE5CC5AC5E7}.Release|x64.ActiveCfg = Release|x64
		{9F5D12BD-6664-4282-8BD1-0DE5CC5AC5E7}.Release|x64.Build.0 = Release|x64
	EndGlobalSection
	GlobalSection(SolutionProperties) = preSolution
		HideSolutionNode = FALSE
	EndGlobalSection
	GlobalSection(ExtensibilityGlobals) = postSolution
		SolutionGuid = {C617657C-7CA4-4D13-A0C6-BA0E36EF7C68}
	EndGlobalSection
EndGlobal
